// !$*UTF8*$!
{
	archiveVersion = 1;
	classes = {
	};
	objectVersion = 55;
	objects = {

/* Begin PBXBuildFile section */
		DA1A29BD287DA4CB00B1EEE8 /* Test.swift in Sources */ = {isa = PBXBuildFile; fileRef = DA28539D286B475600EC3DD2 /* Test.swift */; };
		DA1A7143287D3A34008FA668 /* StudyRoom.swift in Sources */ = {isa = PBXBuildFile; fileRef = DA1A7142287D3A34008FA668 /* StudyRoom.swift */; };
		DA1A7145287D436B008FA668 /* ProgressRoom.swift in Sources */ = {isa = PBXBuildFile; fileRef = DA1A7144287D436B008FA668 /* ProgressRoom.swift */; };
		DA28537F2865BBC100EC3DD2 /* DynamicFiltering.swift in Sources */ = {isa = PBXBuildFile; fileRef = DA28537E2865BBC100EC3DD2 /* DynamicFiltering.swift */; };
		DA285387286B1D2E00EC3DD2 /* Calculator.swift in Sources */ = {isa = PBXBuildFile; fileRef = DA285386286B1D2E00EC3DD2 /* Calculator.swift */; };
		DA28538B286B1E6A00EC3DD2 /* To-Do Model.swift in Sources */ = {isa = PBXBuildFile; fileRef = DA28538A286B1E6A00EC3DD2 /* To-Do Model.swift */; };
		DA28538D286B1E7500EC3DD2 /* To-Do ViewModel.swift in Sources */ = {isa = PBXBuildFile; fileRef = DA28538C286B1E7500EC3DD2 /* To-Do ViewModel.swift */; };
		DA28538F286B1E8100EC3DD2 /* To-Do View.swift in Sources */ = {isa = PBXBuildFile; fileRef = DA28538E286B1E8100EC3DD2 /* To-Do View.swift */; };
		DA285391286B1EC300EC3DD2 /* ToDoListRowView.swift in Sources */ = {isa = PBXBuildFile; fileRef = DA285390286B1EC300EC3DD2 /* ToDoListRowView.swift */; };
		DA285393286B1EE300EC3DD2 /* AddItemView.swift in Sources */ = {isa = PBXBuildFile; fileRef = DA285392286B1EE300EC3DD2 /* AddItemView.swift */; };
		DA285395286B1F0000EC3DD2 /* AddItemViewModel.swift in Sources */ = {isa = PBXBuildFile; fileRef = DA285394286B1F0000EC3DD2 /* AddItemViewModel.swift */; };
		DA285398286B1FD400EC3DD2 /* Settings View.swift in Sources */ = {isa = PBXBuildFile; fileRef = DA285397286B1FD400EC3DD2 /* Settings View.swift */; };
		DA28539A286B203500EC3DD2 /* AccountView.swift in Sources */ = {isa = PBXBuildFile; fileRef = DA285399286B203500EC3DD2 /* AccountView.swift */; };
		DA28539C286B235E00EC3DD2 /* HomeScreen.swift in Sources */ = {isa = PBXBuildFile; fileRef = DA28539B286B235E00EC3DD2 /* HomeScreen.swift */; };
		DA8886DA287AF3FE00326F44 /* LaunchScreen.swift in Sources */ = {isa = PBXBuildFile; fileRef = DA8886D9287AF3FE00326F44 /* LaunchScreen.swift */; };
		DAA62CA5287DAEF700E20377 /* Ring.swift in Sources */ = {isa = PBXBuildFile; fileRef = DAA62CA4287DAEF700E20377 /* Ring.swift */; };
		DAED25F32862FA5B0094849D /* TaskManagerApp.swift in Sources */ = {isa = PBXBuildFile; fileRef = DAED25F22862FA5B0094849D /* TaskManagerApp.swift */; };
		DAED25F52862FA5B0094849D /* ContentView.swift in Sources */ = {isa = PBXBuildFile; fileRef = DAED25F42862FA5B0094849D /* ContentView.swift */; };
		DAED25F72862FA5E0094849D /* Assets.xcassets in Resources */ = {isa = PBXBuildFile; fileRef = DAED25F62862FA5E0094849D /* Assets.xcassets */; };
		DAED25FA2862FA5E0094849D /* Preview Assets.xcassets in Resources */ = {isa = PBXBuildFile; fileRef = DAED25F92862FA5E0094849D /* Preview Assets.xcassets */; };
		DAED25FC2862FA5E0094849D /* Persistence.swift in Sources */ = {isa = PBXBuildFile; fileRef = DAED25FB2862FA5E0094849D /* Persistence.swift */; };
		DAED25FF2862FA5E0094849D /* TaskManager.xcdatamodeld in Sources */ = {isa = PBXBuildFile; fileRef = DAED25FD2862FA5E0094849D /* TaskManager.xcdatamodeld */; };
		DAED26092862FA5F0094849D /* TaskManagerTests.swift in Sources */ = {isa = PBXBuildFile; fileRef = DAED26082862FA5F0094849D /* TaskManagerTests.swift */; };
		DAED26132862FA5F0094849D /* TaskManagerUITests.swift in Sources */ = {isa = PBXBuildFile; fileRef = DAED26122862FA5F0094849D /* TaskManagerUITests.swift */; };
		DAED26152862FA5F0094849D /* TaskManagerUITestsLaunchTests.swift in Sources */ = {isa = PBXBuildFile; fileRef = DAED26142862FA5F0094849D /* TaskManagerUITestsLaunchTests.swift */; };
		DAED26252862FBBF0094849D /* Home.swift in Sources */ = {isa = PBXBuildFile; fileRef = DAED26242862FBBF0094849D /* Home.swift */; };
		DAED26272862FDBF0094849D /* TaskViewModel.swift in Sources */ = {isa = PBXBuildFile; fileRef = DAED26262862FDBF0094849D /* TaskViewModel.swift */; };
		DAED2629286304E70094849D /* AddNewTask.swift in Sources */ = {isa = PBXBuildFile; fileRef = DAED2628286304E70094849D /* AddNewTask.swift */; };
/* End PBXBuildFile section */

/* Begin PBXContainerItemProxy section */
		DAED26052862FA5F0094849D /* PBXContainerItemProxy */ = {
			isa = PBXContainerItemProxy;
			containerPortal = DAED25E72862FA5B0094849D /* Project object */;
			proxyType = 1;
			remoteGlobalIDString = DAED25EE2862FA5B0094849D;
			remoteInfo = TaskManager;
		};
		DAED260F2862FA5F0094849D /* PBXContainerItemProxy */ = {
			isa = PBXContainerItemProxy;
			containerPortal = DAED25E72862FA5B0094849D /* Project object */;
			proxyType = 1;
			remoteGlobalIDString = DAED25EE2862FA5B0094849D;
			remoteInfo = TaskManager;
		};
/* End PBXContainerItemProxy section */

/* Begin PBXFileReference section */
		DA1A7142287D3A34008FA668 /* StudyRoom.swift */ = {isa = PBXFileReference; lastKnownFileType = sourcecode.swift; path = StudyRoom.swift; sourceTree = "<group>"; };
		DA1A7144287D436B008FA668 /* ProgressRoom.swift */ = {isa = PBXFileReference; lastKnownFileType = sourcecode.swift; path = ProgressRoom.swift; sourceTree = "<group>"; };
		DA28537E2865BBC100EC3DD2 /* DynamicFiltering.swift */ = {isa = PBXFileReference; lastKnownFileType = sourcecode.swift; path = DynamicFiltering.swift; sourceTree = "<group>"; };
		DA285386286B1D2E00EC3DD2 /* Calculator.swift */ = {isa = PBXFileReference; lastKnownFileType = sourcecode.swift; path = Calculator.swift; sourceTree = "<group>"; };
		DA28538A286B1E6A00EC3DD2 /* To-Do Model.swift */ = {isa = PBXFileReference; lastKnownFileType = sourcecode.swift; path = "To-Do Model.swift"; sourceTree = "<group>"; };
		DA28538C286B1E7500EC3DD2 /* To-Do ViewModel.swift */ = {isa = PBXFileReference; lastKnownFileType = sourcecode.swift; path = "To-Do ViewModel.swift"; sourceTree = "<group>"; };
		DA28538E286B1E8100EC3DD2 /* To-Do View.swift */ = {isa = PBXFileReference; lastKnownFileType = sourcecode.swift; path = "To-Do View.swift"; sourceTree = "<group>"; };
		DA285390286B1EC300EC3DD2 /* ToDoListRowView.swift */ = {isa = PBXFileReference; lastKnownFileType = sourcecode.swift; path = ToDoListRowView.swift; sourceTree = "<group>"; };
		DA285392286B1EE300EC3DD2 /* AddItemView.swift */ = {isa = PBXFileReference; lastKnownFileType = sourcecode.swift; path = AddItemView.swift; sourceTree = "<group>"; };
		DA285394286B1F0000EC3DD2 /* AddItemViewModel.swift */ = {isa = PBXFileReference; lastKnownFileType = sourcecode.swift; path = AddItemViewModel.swift; sourceTree = "<group>"; };
		DA285397286B1FD400EC3DD2 /* Settings View.swift */ = {isa = PBXFileReference; lastKnownFileType = sourcecode.swift; path = "Settings View.swift"; sourceTree = "<group>"; };
		DA285399286B203500EC3DD2 /* AccountView.swift */ = {isa = PBXFileReference; lastKnownFileType = sourcecode.swift; path = AccountView.swift; sourceTree = "<group>"; };
		DA28539B286B235E00EC3DD2 /* HomeScreen.swift */ = {isa = PBXFileReference; lastKnownFileType = sourcecode.swift; path = HomeScreen.swift; sourceTree = "<group>"; };
		DA28539D286B475600EC3DD2 /* Test.swift */ = {isa = PBXFileReference; lastKnownFileType = sourcecode.swift; path = Test.swift; sourceTree = "<group>"; };
		DA8886D9287AF3FE00326F44 /* LaunchScreen.swift */ = {isa = PBXFileReference; lastKnownFileType = sourcecode.swift; path = LaunchScreen.swift; sourceTree = "<group>"; };
		DAA62CA4287DAEF700E20377 /* Ring.swift */ = {isa = PBXFileReference; lastKnownFileType = sourcecode.swift; path = Ring.swift; sourceTree = "<group>"; };
		DAED25EF2862FA5B0094849D /* TaskManager.app */ = {isa = PBXFileReference; explicitFileType = wrapper.application; includeInIndex = 0; path = TaskManager.app; sourceTree = BUILT_PRODUCTS_DIR; };
		DAED25F22862FA5B0094849D /* TaskManagerApp.swift */ = {isa = PBXFileReference; lastKnownFileType = sourcecode.swift; path = TaskManagerApp.swift; sourceTree = "<group>"; };
		DAED25F42862FA5B0094849D /* ContentView.swift */ = {isa = PBXFileReference; lastKnownFileType = sourcecode.swift; path = ContentView.swift; sourceTree = "<group>"; };
		DAED25F62862FA5E0094849D /* Assets.xcassets */ = {isa = PBXFileReference; lastKnownFileType = folder.assetcatalog; path = Assets.xcassets; sourceTree = "<group>"; };
		DAED25F92862FA5E0094849D /* Preview Assets.xcassets */ = {isa = PBXFileReference; lastKnownFileType = folder.assetcatalog; path = "Preview Assets.xcassets"; sourceTree = "<group>"; };
		DAED25FB2862FA5E0094849D /* Persistence.swift */ = {isa = PBXFileReference; lastKnownFileType = sourcecode.swift; path = Persistence.swift; sourceTree = "<group>"; };
		DAED25FE2862FA5E0094849D /* TaskManager.xcdatamodel */ = {isa = PBXFileReference; lastKnownFileType = wrapper.xcdatamodel; path = TaskManager.xcdatamodel; sourceTree = "<group>"; };
		DAED26042862FA5E0094849D /* TaskManagerTests.xctest */ = {isa = PBXFileReference; explicitFileType = wrapper.cfbundle; includeInIndex = 0; path = TaskManagerTests.xctest; sourceTree = BUILT_PRODUCTS_DIR; };
		DAED26082862FA5F0094849D /* TaskManagerTests.swift */ = {isa = PBXFileReference; lastKnownFileType = sourcecode.swift; path = TaskManagerTests.swift; sourceTree = "<group>"; };
		DAED260E2862FA5F0094849D /* TaskManagerUITests.xctest */ = {isa = PBXFileReference; explicitFileType = wrapper.cfbundle; includeInIndex = 0; path = TaskManagerUITests.xctest; sourceTree = BUILT_PRODUCTS_DIR; };
		DAED26122862FA5F0094849D /* TaskManagerUITests.swift */ = {isa = PBXFileReference; lastKnownFileType = sourcecode.swift; path = TaskManagerUITests.swift; sourceTree = "<group>"; };
		DAED26142862FA5F0094849D /* TaskManagerUITestsLaunchTests.swift */ = {isa = PBXFileReference; lastKnownFileType = sourcecode.swift; path = TaskManagerUITestsLaunchTests.swift; sourceTree = "<group>"; };
		DAED26242862FBBF0094849D /* Home.swift */ = {isa = PBXFileReference; lastKnownFileType = sourcecode.swift; path = Home.swift; sourceTree = "<group>"; };
		DAED26262862FDBF0094849D /* TaskViewModel.swift */ = {isa = PBXFileReference; lastKnownFileType = sourcecode.swift; path = TaskViewModel.swift; sourceTree = "<group>"; };
		DAED2628286304E70094849D /* AddNewTask.swift */ = {isa = PBXFileReference; lastKnownFileType = sourcecode.swift; path = AddNewTask.swift; sourceTree = "<group>"; };
/* End PBXFileReference section */

/* Begin PBXFrameworksBuildPhase section */
		DAED25EC2862FA5B0094849D /* Frameworks */ = {
			isa = PBXFrameworksBuildPhase;
			buildActionMask = 2147483647;
			files = (
			);
			runOnlyForDeploymentPostprocessing = 0;
		};
		DAED26012862FA5E0094849D /* Frameworks */ = {
			isa = PBXFrameworksBuildPhase;
			buildActionMask = 2147483647;
			files = (
			);
			runOnlyForDeploymentPostprocessing = 0;
		};
		DAED260B2862FA5F0094849D /* Frameworks */ = {
			isa = PBXFrameworksBuildPhase;
			buildActionMask = 2147483647;
			files = (
			);
			runOnlyForDeploymentPostprocessing = 0;
		};
/* End PBXFrameworksBuildPhase section */

/* Begin PBXGroup section */
		DA1A7140287D3A12008FA668 /* StudyRoom */ = {
			isa = PBXGroup;
			children = (
				DA1A7142287D3A34008FA668 /* StudyRoom.swift */,
				DA1A7144287D436B008FA668 /* ProgressRoom.swift */,
				DAA62CA4287DAEF700E20377 /* Ring.swift */,
			);
			path = StudyRoom;
			sourceTree = "<group>";
		};
		DA285380286B12B500EC3DD2 /* Onboarding */ = {
			isa = PBXGroup;
			children = (
				DA28539B286B235E00EC3DD2 /* HomeScreen.swift */,
				DA8886D9287AF3FE00326F44 /* LaunchScreen.swift */,
			);
			path = Onboarding;
			sourceTree = "<group>";
		};
		DA285383286B1C1A00EC3DD2 /* Calculator */ = {
			isa = PBXGroup;
			children = (
				DA285386286B1D2E00EC3DD2 /* Calculator.swift */,
			);
			path = Calculator;
			sourceTree = "<group>";
		};
		DA285388286B1E4900EC3DD2 /* To-Do List */ = {
			isa = PBXGroup;
			children = (
				DA28538A286B1E6A00EC3DD2 /* To-Do Model.swift */,
				DA28538C286B1E7500EC3DD2 /* To-Do ViewModel.swift */,
				DA28538E286B1E8100EC3DD2 /* To-Do View.swift */,
				DA285390286B1EC300EC3DD2 /* ToDoListRowView.swift */,
				DA285392286B1EE300EC3DD2 /* AddItemView.swift */,
				DA285394286B1F0000EC3DD2 /* AddItemViewModel.swift */,
			);
			path = "To-Do List";
			sourceTree = "<group>";
		};
		DA285396286B1FCA00EC3DD2 /* Settings */ = {
			isa = PBXGroup;
			children = (
				DA285397286B1FD400EC3DD2 /* Settings View.swift */,
				DA285399286B203500EC3DD2 /* AccountView.swift */,
			);
			path = Settings;
			sourceTree = "<group>";
		};
		DAED25E62862FA5B0094849D = {
			isa = PBXGroup;
			children = (
				DA1A7140287D3A12008FA668 /* StudyRoom */,
				DA285396286B1FCA00EC3DD2 /* Settings */,
				DA285388286B1E4900EC3DD2 /* To-Do List */,
				DA285383286B1C1A00EC3DD2 /* Calculator */,
				DAED25F12862FA5B0094849D /* TaskManager */,
				DAED26072862FA5F0094849D /* TaskManagerTests */,
				DAED25F62862FA5E0094849D /* Assets.xcassets */,
				DA285380286B12B500EC3DD2 /* Onboarding */,
				DA28539D286B475600EC3DD2 /* Test.swift */,
				DAED26112862FA5F0094849D /* TaskManagerUITests */,
				DAED25F02862FA5B0094849D /* Products */,
			);
			sourceTree = "<group>";
		};
		DAED25F02862FA5B0094849D /* Products */ = {
			isa = PBXGroup;
			children = (
				DAED25EF2862FA5B0094849D /* TaskManager.app */,
				DAED26042862FA5E0094849D /* TaskManagerTests.xctest */,
				DAED260E2862FA5F0094849D /* TaskManagerUITests.xctest */,
			);
			name = Products;
			sourceTree = "<group>";
		};
		DAED25F12862FA5B0094849D /* TaskManager */ = {
			isa = PBXGroup;
			children = (
				DAED26232862FBA80094849D /* ViewModel */,
				DAED26222862FB970094849D /* View */,
				DAED25F22862FA5B0094849D /* TaskManagerApp.swift */,
				DAED25F42862FA5B0094849D /* ContentView.swift */,
				DAED25FB2862FA5E0094849D /* Persistence.swift */,
				DAED25FD2862FA5E0094849D /* TaskManager.xcdatamodeld */,
				DAED25F82862FA5E0094849D /* Preview Content */,
			);
			path = TaskManager;
			sourceTree = "<group>";
		};
		DAED25F82862FA5E0094849D /* Preview Content */ = {
			isa = PBXGroup;
			children = (
				DAED25F92862FA5E0094849D /* Preview Assets.xcassets */,
			);
			path = "Preview Content";
			sourceTree = "<group>";
		};
		DAED26072862FA5F0094849D /* TaskManagerTests */ = {
			isa = PBXGroup;
			children = (
				DAED26082862FA5F0094849D /* TaskManagerTests.swift */,
			);
			path = TaskManagerTests;
			sourceTree = "<group>";
		};
		DAED26112862FA5F0094849D /* TaskManagerUITests */ = {
			isa = PBXGroup;
			children = (
				DAED26122862FA5F0094849D /* TaskManagerUITests.swift */,
				DAED26142862FA5F0094849D /* TaskManagerUITestsLaunchTests.swift */,
			);
			path = TaskManagerUITests;
			sourceTree = "<group>";
		};
		DAED26222862FB970094849D /* View */ = {
			isa = PBXGroup;
			children = (
				DAED26242862FBBF0094849D /* Home.swift */,
				DAED2628286304E70094849D /* AddNewTask.swift */,
				DA28537E2865BBC100EC3DD2 /* DynamicFiltering.swift */,
			);
			path = View;
			sourceTree = "<group>";
		};
		DAED26232862FBA80094849D /* ViewModel */ = {
			isa = PBXGroup;
			children = (
				DAED26262862FDBF0094849D /* TaskViewModel.swift */,
			);
			path = ViewModel;
			sourceTree = "<group>";
		};
/* End PBXGroup section */

/* Begin PBXNativeTarget section */
		DAED25EE2862FA5B0094849D /* TaskManager */ = {
			isa = PBXNativeTarget;
			buildConfigurationList = DAED26182862FA5F0094849D /* Build configuration list for PBXNativeTarget "TaskManager" */;
			buildPhases = (
				DAED25EB2862FA5B0094849D /* Sources */,
				DAED25EC2862FA5B0094849D /* Frameworks */,
				DAED25ED2862FA5B0094849D /* Resources */,
			);
			buildRules = (
			);
			dependencies = (
			);
			name = TaskManager;
			productName = TaskManager;
			productReference = DAED25EF2862FA5B0094849D /* TaskManager.app */;
			productType = "com.apple.product-type.application";
		};
		DAED26032862FA5E0094849D /* TaskManagerTests */ = {
			isa = PBXNativeTarget;
			buildConfigurationList = DAED261B2862FA5F0094849D /* Build configuration list for PBXNativeTarget "TaskManagerTests" */;
			buildPhases = (
				DAED26002862FA5E0094849D /* Sources */,
				DAED26012862FA5E0094849D /* Frameworks */,
				DAED26022862FA5E0094849D /* Resources */,
			);
			buildRules = (
			);
			dependencies = (
				DAED26062862FA5F0094849D /* PBXTargetDependency */,
			);
			name = TaskManagerTests;
			productName = TaskManagerTests;
			productReference = DAED26042862FA5E0094849D /* TaskManagerTests.xctest */;
			productType = "com.apple.product-type.bundle.unit-test";
		};
		DAED260D2862FA5F0094849D /* TaskManagerUITests */ = {
			isa = PBXNativeTarget;
			buildConfigurationList = DAED261E2862FA5F0094849D /* Build configuration list for PBXNativeTarget "TaskManagerUITests" */;
			buildPhases = (
				DAED260A2862FA5F0094849D /* Sources */,
				DAED260B2862FA5F0094849D /* Frameworks */,
				DAED260C2862FA5F0094849D /* Resources */,
			);
			buildRules = (
			);
			dependencies = (
				DAED26102862FA5F0094849D /* PBXTargetDependency */,
			);
			name = TaskManagerUITests;
			productName = TaskManagerUITests;
			productReference = DAED260E2862FA5F0094849D /* TaskManagerUITests.xctest */;
			productType = "com.apple.product-type.bundle.ui-testing";
		};
/* End PBXNativeTarget section */

/* Begin PBXProject section */
		DAED25E72862FA5B0094849D /* Project object */ = {
			isa = PBXProject;
			attributes = {
				BuildIndependentTargetsInParallel = 1;
				LastSwiftUpdateCheck = 1340;
				LastUpgradeCheck = 1340;
				TargetAttributes = {
					DAED25EE2862FA5B0094849D = {
						CreatedOnToolsVersion = 13.4;
					};
					DAED26032862FA5E0094849D = {
						CreatedOnToolsVersion = 13.4;
						TestTargetID = DAED25EE2862FA5B0094849D;
					};
					DAED260D2862FA5F0094849D = {
						CreatedOnToolsVersion = 13.4;
						TestTargetID = DAED25EE2862FA5B0094849D;
					};
				};
			};
			buildConfigurationList = DAED25EA2862FA5B0094849D /* Build configuration list for PBXProject "TaskManager" */;
			compatibilityVersion = "Xcode 13.0";
			developmentRegion = en;
			hasScannedForEncodings = 0;
			knownRegions = (
				en,
				Base,
			);
			mainGroup = DAED25E62862FA5B0094849D;
			productRefGroup = DAED25F02862FA5B0094849D /* Products */;
			projectDirPath = "";
			projectRoot = "";
			targets = (
				DAED25EE2862FA5B0094849D /* TaskManager */,
				DAED26032862FA5E0094849D /* TaskManagerTests */,
				DAED260D2862FA5F0094849D /* TaskManagerUITests */,
			);
		};
/* End PBXProject section */

/* Begin PBXResourcesBuildPhase section */
		DAED25ED2862FA5B0094849D /* Resources */ = {
			isa = PBXResourcesBuildPhase;
			buildActionMask = 2147483647;
			files = (
				DAED25FA2862FA5E0094849D /* Preview Assets.xcassets in Resources */,
				DAED25F72862FA5E0094849D /* Assets.xcassets in Resources */,
			);
			runOnlyForDeploymentPostprocessing = 0;
		};
		DAED26022862FA5E0094849D /* Resources */ = {
			isa = PBXResourcesBuildPhase;
			buildActionMask = 2147483647;
			files = (
			);
			runOnlyForDeploymentPostprocessing = 0;
		};
		DAED260C2862FA5F0094849D /* Resources */ = {
			isa = PBXResourcesBuildPhase;
			buildActionMask = 2147483647;
			files = (
			);
			runOnlyForDeploymentPostprocessing = 0;
		};
/* End PBXResourcesBuildPhase section */

/* Begin PBXSourcesBuildPhase section */
		DAED25EB2862FA5B0094849D /* Sources */ = {
			isa = PBXSourcesBuildPhase;
			buildActionMask = 2147483647;
			files = (
				DA28537F2865BBC100EC3DD2 /* DynamicFiltering.swift in Sources */,
				DAED25FC2862FA5E0094849D /* Persistence.swift in Sources */,
				DA285391286B1EC300EC3DD2 /* ToDoListRowView.swift in Sources */,
				DA285393286B1EE300EC3DD2 /* AddItemView.swift in Sources */,
				DA285398286B1FD400EC3DD2 /* Settings View.swift in Sources */,
				DA1A29BD287DA4CB00B1EEE8 /* Test.swift in Sources */,
				DA1A7143287D3A34008FA668 /* StudyRoom.swift in Sources */,
				DA1A7145287D436B008FA668 /* ProgressRoom.swift in Sources */,
				DA28539A286B203500EC3DD2 /* AccountView.swift in Sources */,
				DA285395286B1F0000EC3DD2 /* AddItemViewModel.swift in Sources */,
				DA285387286B1D2E00EC3DD2 /* Calculator.swift in Sources */,
				DA28539C286B235E00EC3DD2 /* HomeScreen.swift in Sources */,
				DA28538F286B1E8100EC3DD2 /* To-Do View.swift in Sources */,
				DAED26272862FDBF0094849D /* TaskViewModel.swift in Sources */,
				DA8886DA287AF3FE00326F44 /* LaunchScreen.swift in Sources */,
				DAED25F52862FA5B0094849D /* ContentView.swift in Sources */,
				DAA62CA5287DAEF700E20377 /* Ring.swift in Sources */,
				DA28538B286B1E6A00EC3DD2 /* To-Do Model.swift in Sources */,
				DAED26252862FBBF0094849D /* Home.swift in Sources */,
				DAED2629286304E70094849D /* AddNewTask.swift in Sources */,
				DAED25FF2862FA5E0094849D /* TaskManager.xcdatamodeld in Sources */,
				DAED25F32862FA5B0094849D /* TaskManagerApp.swift in Sources */,
				DA28538D286B1E7500EC3DD2 /* To-Do ViewModel.swift in Sources */,
			);
			runOnlyForDeploymentPostprocessing = 0;
		};
		DAED26002862FA5E0094849D /* Sources */ = {
			isa = PBXSourcesBuildPhase;
			buildActionMask = 2147483647;
			files = (
				DAED26092862FA5F0094849D /* TaskManagerTests.swift in Sources */,
			);
			runOnlyForDeploymentPostprocessing = 0;
		};
		DAED260A2862FA5F0094849D /* Sources */ = {
			isa = PBXSourcesBuildPhase;
			buildActionMask = 2147483647;
			files = (
				DAED26132862FA5F0094849D /* TaskManagerUITests.swift in Sources */,
				DAED26152862FA5F0094849D /* TaskManagerUITestsLaunchTests.swift in Sources */,
			);
			runOnlyForDeploymentPostprocessing = 0;
		};
/* End PBXSourcesBuildPhase section */

/* Begin PBXTargetDependency section */
		DAED26062862FA5F0094849D /* PBXTargetDependency */ = {
			isa = PBXTargetDependency;
			target = DAED25EE2862FA5B0094849D /* TaskManager */;
			targetProxy = DAED26052862FA5F0094849D /* PBXContainerItemProxy */;
		};
		DAED26102862FA5F0094849D /* PBXTargetDependency */ = {
			isa = PBXTargetDependency;
			target = DAED25EE2862FA5B0094849D /* TaskManager */;
			targetProxy = DAED260F2862FA5F0094849D /* PBXContainerItemProxy */;
		};
/* End PBXTargetDependency section */

/* Begin XCBuildConfiguration section */
		DAED26162862FA5F0094849D /* Debug */ = {
			isa = XCBuildConfiguration;
			buildSettings = {
				ALWAYS_SEARCH_USER_PATHS = NO;
				CLANG_ANALYZER_NONNULL = YES;
				CLANG_ANALYZER_NUMBER_OBJECT_CONVERSION = YES_AGGRESSIVE;
				CLANG_CXX_LANGUAGE_STANDARD = "gnu++17";
				CLANG_ENABLE_MODULES = YES;
				CLANG_ENABLE_OBJC_ARC = YES;
				CLANG_ENABLE_OBJC_WEAK = YES;
				CLANG_WARN_BLOCK_CAPTURE_AUTORELEASING = YES;
				CLANG_WARN_BOOL_CONVERSION = YES;
				CLANG_WARN_COMMA = YES;
				CLANG_WARN_CONSTANT_CONVERSION = YES;
				CLANG_WARN_DEPRECATED_OBJC_IMPLEMENTATIONS = YES;
				CLANG_WARN_DIRECT_OBJC_ISA_USAGE = YES_ERROR;
				CLANG_WARN_DOCUMENTATION_COMMENTS = YES;
				CLANG_WARN_EMPTY_BODY = YES;
				CLANG_WARN_ENUM_CONVERSION = YES;
				CLANG_WARN_INFINITE_RECURSION = YES;
				CLANG_WARN_INT_CONVERSION = YES;
				CLANG_WARN_NON_LITERAL_NULL_CONVERSION = YES;
				CLANG_WARN_OBJC_IMPLICIT_RETAIN_SELF = YES;
				CLANG_WARN_OBJC_LITERAL_CONVERSION = YES;
				CLANG_WARN_OBJC_ROOT_CLASS = YES_ERROR;
				CLANG_WARN_QUOTED_INCLUDE_IN_FRAMEWORK_HEADER = YES;
				CLANG_WARN_RANGE_LOOP_ANALYSIS = YES;
				CLANG_WARN_STRICT_PROTOTYPES = YES;
				CLANG_WARN_SUSPICIOUS_MOVE = YES;
				CLANG_WARN_UNGUARDED_AVAILABILITY = YES_AGGRESSIVE;
				CLANG_WARN_UNREACHABLE_CODE = YES;
				CLANG_WARN__DUPLICATE_METHOD_MATCH = YES;
				COPY_PHASE_STRIP = NO;
				DEBUG_INFORMATION_FORMAT = dwarf;
				ENABLE_STRICT_OBJC_MSGSEND = YES;
				ENABLE_TESTABILITY = YES;
				GCC_C_LANGUAGE_STANDARD = gnu11;
				GCC_DYNAMIC_NO_PIC = NO;
				GCC_NO_COMMON_BLOCKS = YES;
				GCC_OPTIMIZATION_LEVEL = 0;
				GCC_PREPROCESSOR_DEFINITIONS = (
					"DEBUG=1",
					"$(inherited)",
				);
				GCC_WARN_64_TO_32_BIT_CONVERSION = YES;
				GCC_WARN_ABOUT_RETURN_TYPE = YES_ERROR;
				GCC_WARN_UNDECLARED_SELECTOR = YES;
				GCC_WARN_UNINITIALIZED_AUTOS = YES_AGGRESSIVE;
				GCC_WARN_UNUSED_FUNCTION = YES;
				GCC_WARN_UNUSED_VARIABLE = YES;
				IPHONEOS_DEPLOYMENT_TARGET = 15.5;
				MTL_ENABLE_DEBUG_INFO = INCLUDE_SOURCE;
				MTL_FAST_MATH = YES;
				ONLY_ACTIVE_ARCH = YES;
				SDKROOT = iphoneos;
				SWIFT_ACTIVE_COMPILATION_CONDITIONS = DEBUG;
				SWIFT_OPTIMIZATION_LEVEL = "-Onone";
			};
			name = Debug;
		};
		DAED26172862FA5F0094849D /* Release */ = {
			isa = XCBuildConfiguration;
			buildSettings = {
				ALWAYS_SEARCH_USER_PATHS = NO;
				CLANG_ANALYZER_NONNULL = YES;
				CLANG_ANALYZER_NUMBER_OBJECT_CONVERSION = YES_AGGRESSIVE;
				CLANG_CXX_LANGUAGE_STANDARD = "gnu++17";
				CLANG_ENABLE_MODULES = YES;
				CLANG_ENABLE_OBJC_ARC = YES;
				CLANG_ENABLE_OBJC_WEAK = YES;
				CLANG_WARN_BLOCK_CAPTURE_AUTORELEASING = YES;
				CLANG_WARN_BOOL_CONVERSION = YES;
				CLANG_WARN_COMMA = YES;
				CLANG_WARN_CONSTANT_CONVERSION = YES;
				CLANG_WARN_DEPRECATED_OBJC_IMPLEMENTATIONS = YES;
				CLANG_WARN_DIRECT_OBJC_ISA_USAGE = YES_ERROR;
				CLANG_WARN_DOCUMENTATION_COMMENTS = YES;
				CLANG_WARN_EMPTY_BODY = YES;
				CLANG_WARN_ENUM_CONVERSION = YES;
				CLANG_WARN_INFINITE_RECURSION = YES;
				CLANG_WARN_INT_CONVERSION = YES;
				CLANG_WARN_NON_LITERAL_NULL_CONVERSION = YES;
				CLANG_WARN_OBJC_IMPLICIT_RETAIN_SELF = YES;
				CLANG_WARN_OBJC_LITERAL_CONVERSION = YES;
				CLANG_WARN_OBJC_ROOT_CLASS = YES_ERROR;
				CLANG_WARN_QUOTED_INCLUDE_IN_FRAMEWORK_HEADER = YES;
				CLANG_WARN_RANGE_LOOP_ANALYSIS = YES;
				CLANG_WARN_STRICT_PROTOTYPES = YES;
				CLANG_WARN_SUSPICIOUS_MOVE = YES;
				CLANG_WARN_UNGUARDED_AVAILABILITY = YES_AGGRESSIVE;
				CLANG_WARN_UNREACHABLE_CODE = YES;
				CLANG_WARN__DUPLICATE_METHOD_MATCH = YES;
				COPY_PHASE_STRIP = NO;
				DEBUG_INFORMATION_FORMAT = "dwarf-with-dsym";
				ENABLE_NS_ASSERTIONS = NO;
				ENABLE_STRICT_OBJC_MSGSEND = YES;
				GCC_C_LANGUAGE_STANDARD = gnu11;
				GCC_NO_COMMON_BLOCKS = YES;
				GCC_WARN_64_TO_32_BIT_CONVERSION = YES;
				GCC_WARN_ABOUT_RETURN_TYPE = YES_ERROR;
				GCC_WARN_UNDECLARED_SELECTOR = YES;
				GCC_WARN_UNINITIALIZED_AUTOS = YES_AGGRESSIVE;
				GCC_WARN_UNUSED_FUNCTION = YES;
				GCC_WARN_UNUSED_VARIABLE = YES;
				IPHONEOS_DEPLOYMENT_TARGET = 15.5;
				MTL_ENABLE_DEBUG_INFO = NO;
				MTL_FAST_MATH = YES;
				SDKROOT = iphoneos;
				SWIFT_COMPILATION_MODE = wholemodule;
				SWIFT_OPTIMIZATION_LEVEL = "-O";
				VALIDATE_PRODUCT = YES;
			};
			name = Release;
		};
		DAED26192862FA5F0094849D /* Debug */ = {
			isa = XCBuildConfiguration;
			buildSettings = {
				ASSETCATALOG_COMPILER_APPICON_NAME = AppIcon;
				ASSETCATALOG_COMPILER_GLOBAL_ACCENT_COLOR_NAME = AccentColor;
				CODE_SIGN_STYLE = Automatic;
				CURRENT_PROJECT_VERSION = 1;
				DEVELOPMENT_ASSET_PATHS = "\"TaskManager/Preview Content\"";
				ENABLE_PREVIEWS = YES;
				GENERATE_INFOPLIST_FILE = YES;
				INFOPLIST_KEY_UIApplicationSceneManifest_Generation = YES;
				INFOPLIST_KEY_UIApplicationSupportsIndirectInputEvents = YES;
				INFOPLIST_KEY_UILaunchScreen_Generation = YES;
				INFOPLIST_KEY_UISupportedInterfaceOrientations_iPad = "UIInterfaceOrientationPortrait UIInterfaceOrientationPortraitUpsideDown UIInterfaceOrientationLandscapeLeft UIInterfaceOrientationLandscapeRight";
				INFOPLIST_KEY_UISupportedInterfaceOrientations_iPhone = "UIInterfaceOrientationPortrait UIInterfaceOrientationLandscapeLeft UIInterfaceOrientationLandscapeRight";
				LD_RUNPATH_SEARCH_PATHS = (
					"$(inherited)",
					"@executable_path/Frameworks",
				);
				MARKETING_VERSION = 1.0;
				PRODUCT_BUNDLE_IDENTIFIER = com.firstproject.TaskManager;
				PRODUCT_NAME = "$(TARGET_NAME)";
				SWIFT_EMIT_LOC_STRINGS = YES;
				SWIFT_VERSION = 5.0;
				TARGETED_DEVICE_FAMILY = "1,2";
			};
			name = Debug;
		};
		DAED261A2862FA5F0094849D /* Release */ = {
			isa = XCBuildConfiguration;
			buildSettings = {
				ASSETCATALOG_COMPILER_APPICON_NAME = AppIcon;
				ASSETCATALOG_COMPILER_GLOBAL_ACCENT_COLOR_NAME = AccentColor;
				CODE_SIGN_STYLE = Automatic;
				CURRENT_PROJECT_VERSION = 1;
				DEVELOPMENT_ASSET_PATHS = "\"TaskManager/Preview Content\"";
				ENABLE_PREVIEWS = YES;
				GENERATE_INFOPLIST_FILE = YES;
				INFOPLIST_KEY_UIApplicationSceneManifest_Generation = YES;
				INFOPLIST_KEY_UIApplicationSupportsIndirectInputEvents = YES;
				INFOPLIST_KEY_UILaunchScreen_Generation = YES;
				INFOPLIST_KEY_UISupportedInterfaceOrientations_iPad = "UIInterfaceOrientationPortrait UIInterfaceOrientationPortraitUpsideDown UIInterfaceOrientationLandscapeLeft UIInterfaceOrientationLandscapeRight";
				INFOPLIST_KEY_UISupportedInterfaceOrientations_iPhone = "UIInterfaceOrientationPortrait UIInterfaceOrientationLandscapeLeft UIInterfaceOrientationLandscapeRight";
				LD_RUNPATH_SEARCH_PATHS = (
					"$(inherited)",
					"@executable_path/Frameworks",
				);
				MARKETING_VERSION = 1.0;
				PRODUCT_BUNDLE_IDENTIFIER = com.firstproject.TaskManager;
				PRODUCT_NAME = "$(TARGET_NAME)";
				SWIFT_EMIT_LOC_STRINGS = YES;
				SWIFT_VERSION = 5.0;
				TARGETED_DEVICE_FAMILY = "1,2";
			};
			name = Release;
		};
		DAED261C2862FA5F0094849D /* Debug */ = {
			isa = XCBuildConfiguration;
			buildSettings = {
				ALWAYS_EMBED_SWIFT_STANDARD_LIBRARIES = YES;
				BUNDLE_LOADER = "$(TEST_HOST)";
				CODE_SIGN_STYLE = Automatic;
				CURRENT_PROJECT_VERSION = 1;
				GENERATE_INFOPLIST_FILE = YES;
				IPHONEOS_DEPLOYMENT_TARGET = 15.5;
				MARKETING_VERSION = 1.0;
				PRODUCT_BUNDLE_IDENTIFIER = com.firstproject.TaskManagerTests;
				PRODUCT_NAME = "$(TARGET_NAME)";
				SWIFT_EMIT_LOC_STRINGS = NO;
				SWIFT_VERSION = 5.0;
				TARGETED_DEVICE_FAMILY = "1,2";
				TEST_HOST = "$(BUILT_PRODUCTS_DIR)/TaskManager.app/TaskManager";
			};
			name = Debug;
		};
		DAED261D2862FA5F0094849D /* Release */ = {
			isa = XCBuildConfiguration;
			buildSettings = {
				ALWAYS_EMBED_SWIFT_STANDARD_LIBRARIES = YES;
				BUNDLE_LOADER = "$(TEST_HOST)";
				CODE_SIGN_STYLE = Automatic;
				CURRENT_PROJECT_VERSION = 1;
				GENERATE_INFOPLIST_FILE = YES;
				IPHONEOS_DEPLOYMENT_TARGET = 15.5;
				MARKETING_VERSION = 1.0;
				PRODUCT_BUNDLE_IDENTIFIER = com.firstproject.TaskManagerTests;
				PRODUCT_NAME = "$(TARGET_NAME)";
				SWIFT_EMIT_LOC_STRINGS = NO;
				SWIFT_VERSION = 5.0;
				TARGETED_DEVICE_FAMILY = "1,2";
				TEST_HOST = "$(BUILT_PRODUCTS_DIR)/TaskManager.app/TaskManager";
			};
			name = Release;
		};
		DAED261F2862FA5F0094849D /* Debug */ = {
			isa = XCBuildConfiguration;
			buildSettings = {
				ALWAYS_EMBED_SWIFT_STANDARD_LIBRARIES = YES;
				CODE_SIGN_STYLE = Automatic;
				CURRENT_PROJECT_VERSION = 1;
				GENERATE_INFOPLIST_FILE = YES;
				MARKETING_VERSION = 1.0;
				PRODUCT_BUNDLE_IDENTIFIER = com.firstproject.TaskManagerUITests;
				PRODUCT_NAME = "$(TARGET_NAME)";
				SWIFT_EMIT_LOC_STRINGS = NO;
				SWIFT_VERSION = 5.0;
				TARGETED_DEVICE_FAMILY = "1,2";
				TEST_TARGET_NAME = TaskManager;
			};
			name = Debug;
		};
		DAED26202862FA5F0094849D /* Release */ = {
			isa = XCBuildConfiguration;
			buildSettings = {
				ALWAYS_EMBED_SWIFT_STANDARD_LIBRARIES = YES;
				CODE_SIGN_STYLE = Automatic;
				CURRENT_PROJECT_VERSION = 1;
				GENERATE_INFOPLIST_FILE = YES;
				MARKETING_VERSION = 1.0;
				PRODUCT_BUNDLE_IDENTIFIER = com.firstproject.TaskManagerUITests;
				PRODUCT_NAME = "$(TARGET_NAME)";
				SWIFT_EMIT_LOC_STRINGS = NO;
				SWIFT_VERSION = 5.0;
				TARGETED_DEVICE_FAMILY = "1,2";
				TEST_TARGET_NAME = TaskManager;
			};
			name = Release;
		};
/* End XCBuildConfiguration section */

/* Begin XCConfigurationList section */
		DAED25EA2862FA5B0094849D /* Build configuration list for PBXProject "TaskManager" */ = {
			isa = XCConfigurationList;
			buildConfigurations = (
				DAED26162862FA5F0094849D /* Debug */,
				DAED26172862FA5F0094849D /* Release */,
			);
			defaultConfigurationIsVisible = 0;
			defaultConfigurationName = Release;
		};
		DAED26182862FA5F0094849D /* Build configuration list for PBXNativeTarget "TaskManager" */ = {
			isa = XCConfigurationList;
			buildConfigurations = (
				DAED26192862FA5F0094849D /* Debug */,
				DAED261A2862FA5F0094849D /* Release */,
			);
			defaultConfigurationIsVisible = 0;
			defaultConfigurationName = Release;
		};
		DAED261B2862FA5F0094849D /* Build configuration list for PBXNativeTarget "TaskManagerTests" */ = {
			isa = XCConfigurationList;
			buildConfigurations = (
				DAED261C2862FA5F0094849D /* Debug */,
				DAED261D2862FA5F0094849D /* Release */,
			);
			defaultConfigurationIsVisible = 0;
			defaultConfigurationName = Release;
		};
		DAED261E2862FA5F0094849D /* Build configuration list for PBXNativeTarget "TaskManagerUITests" */ = {
			isa = XCConfigurationList;
			buildConfigurations = (
				DAED261F2862FA5F0094849D /* Debug */,
				DAED26202862FA5F0094849D /* Release */,
			);
			defaultConfigurationIsVisible = 0;
			defaultConfigurationName = Release;
		};
/* End XCConfigurationList section */

/* Begin XCVersionGroup section */
		DAED25FD2862FA5E0094849D /* TaskManager.xcdatamodeld */ = {
			isa = XCVersionGroup;
			children = (
				DAED25FE2862FA5E0094849D /* TaskManager.xcdatamodel */,
			);
			currentVersion = DAED25FE2862FA5E0094849D /* TaskManager.xcdatamodel */;
			path = TaskManager.xcdatamodeld;
			sourceTree = "<group>";
			versionGroupType = wrapper.xcdatamodel;
		};
/* End XCVersionGroup section */
	};
	rootObject = DAED25E72862FA5B0094849D /* Project object */;
}
